// !$*UTF8*$!
{
	archiveVersion = 1;
	classes = {
	};
	objectVersion = 46;
	objects = {

/* Begin PBXBuildFile section */
		770271241DAB8355001114C6 /* main.m in Sources */ = {isa = PBXBuildFile; fileRef = 770271231DAB8355001114C6 /* main.m */; };
		770271271DAB8355001114C6 /* AppDelegate.m in Sources */ = {isa = PBXBuildFile; fileRef = 770271261DAB8355001114C6 /* AppDelegate.m */; };
		7702712A1DAB8355001114C6 /* ViewController.m in Sources */ = {isa = PBXBuildFile; fileRef = 770271291DAB8355001114C6 /* ViewController.m */; };
		7702712D1DAB8355001114C6 /* Main.storyboard in Resources */ = {isa = PBXBuildFile; fileRef = 7702712B1DAB8355001114C6 /* Main.storyboard */; };
		7702712F1DAB8355001114C6 /* Assets.xcassets in Resources */ = {isa = PBXBuildFile; fileRef = 7702712E1DAB8355001114C6 /* Assets.xcassets */; };
		770271321DAB8355001114C6 /* LaunchScreen.storyboard in Resources */ = {isa = PBXBuildFile; fileRef = 770271301DAB8355001114C6 /* LaunchScreen.storyboard */; };
		770271851DAB84A0001114C6 /* AFHTTPSessionManager.m in Sources */ = {isa = PBXBuildFile; fileRef = 7702713C1DAB84A0001114C6 /* AFHTTPSessionManager.m */; };
		770271861DAB84A0001114C6 /* AFNetworkReachabilityManager.m in Sources */ = {isa = PBXBuildFile; fileRef = 7702713F1DAB84A0001114C6 /* AFNetworkReachabilityManager.m */; };
		770271871DAB84A0001114C6 /* AFSecurityPolicy.m in Sources */ = {isa = PBXBuildFile; fileRef = 770271411DAB84A0001114C6 /* AFSecurityPolicy.m */; };
		770271881DAB84A0001114C6 /* AFURLRequestSerialization.m in Sources */ = {isa = PBXBuildFile; fileRef = 770271431DAB84A0001114C6 /* AFURLRequestSerialization.m */; };
		770271891DAB84A0001114C6 /* AFURLResponseSerialization.m in Sources */ = {isa = PBXBuildFile; fileRef = 770271451DAB84A0001114C6 /* AFURLResponseSerialization.m */; };
		7702718A1DAB84A0001114C6 /* AFURLSessionManager.m in Sources */ = {isa = PBXBuildFile; fileRef = 770271471DAB84A0001114C6 /* AFURLSessionManager.m */; };
		7702718B1DAB84A0001114C6 /* Info.plist in Resources */ = {isa = PBXBuildFile; fileRef = 770271491DAB84A0001114C6 /* Info.plist */; };
		7702718C1DAB84A0001114C6 /* MASCompositeConstraint.m in Sources */ = {isa = PBXBuildFile; fileRef = 7702714B1DAB84A0001114C6 /* MASCompositeConstraint.m */; };
		7702718D1DAB84A0001114C6 /* MASConstraint.m in Sources */ = {isa = PBXBuildFile; fileRef = 7702714E1DAB84A0001114C6 /* MASConstraint.m */; };
		7702718E1DAB84A0001114C6 /* MASConstraintMaker.m in Sources */ = {isa = PBXBuildFile; fileRef = 770271501DAB84A0001114C6 /* MASConstraintMaker.m */; };
		7702718F1DAB84A0001114C6 /* MASLayoutConstraint.m in Sources */ = {isa = PBXBuildFile; fileRef = 770271521DAB84A0001114C6 /* MASLayoutConstraint.m */; };
		770271901DAB84A0001114C6 /* MASViewAttribute.m in Sources */ = {isa = PBXBuildFile; fileRef = 770271561DAB84A0001114C6 /* MASViewAttribute.m */; };
		770271911DAB84A0001114C6 /* MASViewConstraint.m in Sources */ = {isa = PBXBuildFile; fileRef = 770271581DAB84A0001114C6 /* MASViewConstraint.m */; };
		770271921DAB84A0001114C6 /* NSArray+MASAdditions.m in Sources */ = {isa = PBXBuildFile; fileRef = 7702715A1DAB84A0001114C6 /* NSArray+MASAdditions.m */; };
		770271931DAB84A0001114C6 /* NSLayoutConstraint+MASDebugAdditions.m in Sources */ = {isa = PBXBuildFile; fileRef = 7702715D1DAB84A0001114C6 /* NSLayoutConstraint+MASDebugAdditions.m */; };
		770271941DAB84A0001114C6 /* View+MASAdditions.m in Sources */ = {isa = PBXBuildFile; fileRef = 7702715F1DAB84A0001114C6 /* View+MASAdditions.m */; };
		770271951DAB84A0001114C6 /* ViewController+MASAdditions.m in Sources */ = {isa = PBXBuildFile; fileRef = 770271621DAB84A0001114C6 /* ViewController+MASAdditions.m */; };
		770271961DAB84A0001114C6 /* MKAnnotationView+WebCache.m in Sources */ = {isa = PBXBuildFile; fileRef = 770271651DAB84A0001114C6 /* MKAnnotationView+WebCache.m */; };
		770271971DAB84A0001114C6 /* NSData+ImageContentType.m in Sources */ = {isa = PBXBuildFile; fileRef = 770271671DAB84A0001114C6 /* NSData+ImageContentType.m */; };
		770271981DAB84A0001114C6 /* SDImageCache.m in Sources */ = {isa = PBXBuildFile; fileRef = 770271691DAB84A0001114C6 /* SDImageCache.m */; };
		770271991DAB84A0001114C6 /* SDWebImageCompat.m in Sources */ = {isa = PBXBuildFile; fileRef = 7702716B1DAB84A0001114C6 /* SDWebImageCompat.m */; };
		7702719A1DAB84A0001114C6 /* SDWebImageDecoder.m in Sources */ = {isa = PBXBuildFile; fileRef = 7702716D1DAB84A0001114C6 /* SDWebImageDecoder.m */; };
		7702719B1DAB84A0001114C6 /* SDWebImageDownloader.m in Sources */ = {isa = PBXBuildFile; fileRef = 7702716F1DAB84A0001114C6 /* SDWebImageDownloader.m */; };
		7702719C1DAB84A0001114C6 /* SDWebImageDownloaderOperation.m in Sources */ = {isa = PBXBuildFile; fileRef = 770271711DAB84A0001114C6 /* SDWebImageDownloaderOperation.m */; };
		7702719D1DAB84A0001114C6 /* SDWebImageManager.m in Sources */ = {isa = PBXBuildFile; fileRef = 770271731DAB84A0001114C6 /* SDWebImageManager.m */; };
		7702719E1DAB84A0001114C6 /* SDWebImagePrefetcher.m in Sources */ = {isa = PBXBuildFile; fileRef = 770271761DAB84A0001114C6 /* SDWebImagePrefetcher.m */; };
		7702719F1DAB84A0001114C6 /* UIButton+WebCache.m in Sources */ = {isa = PBXBuildFile; fileRef = 770271781DAB84A0001114C6 /* UIButton+WebCache.m */; };
		770271A01DAB84A0001114C6 /* UIImage+GIF.m in Sources */ = {isa = PBXBuildFile; fileRef = 7702717A1DAB84A0001114C6 /* UIImage+GIF.m */; };
		770271A11DAB84A0001114C6 /* UIImage+MultiFormat.m in Sources */ = {isa = PBXBuildFile; fileRef = 7702717C1DAB84A0001114C6 /* UIImage+MultiFormat.m */; };
		770271A21DAB84A0001114C6 /* UIImage+WebP.m in Sources */ = {isa = PBXBuildFile; fileRef = 7702717E1DAB84A0001114C6 /* UIImage+WebP.m */; };
		770271A31DAB84A0001114C6 /* UIImageView+HighlightedWebCache.m in Sources */ = {isa = PBXBuildFile; fileRef = 770271801DAB84A0001114C6 /* UIImageView+HighlightedWebCache.m */; };
		770271A41DAB84A0001114C6 /* UIImageView+WebCache.m in Sources */ = {isa = PBXBuildFile; fileRef = 770271821DAB84A0001114C6 /* UIImageView+WebCache.m */; };
		770271A51DAB84A0001114C6 /* UIView+WebCacheOperation.m in Sources */ = {isa = PBXBuildFile; fileRef = 770271841DAB84A0001114C6 /* UIView+WebCacheOperation.m */; };
		770271BC1DAB84B0001114C6 /* NSArray+CZAddition.m in Sources */ = {isa = PBXBuildFile; fileRef = 770271A91DAB84B0001114C6 /* NSArray+CZAddition.m */; };
		770271BD1DAB84B0001114C6 /* NSArray+Log.m in Sources */ = {isa = PBXBuildFile; fileRef = 770271AB1DAB84B0001114C6 /* NSArray+Log.m */; };
		770271BE1DAB84B0001114C6 /* NSAttributedString+CZAdditon.m in Sources */ = {isa = PBXBuildFile; fileRef = 770271AD1DAB84B0001114C6 /* NSAttributedString+CZAdditon.m */; };
		770271BF1DAB84B0001114C6 /* NSAttributedString+Extension.m in Sources */ = {isa = PBXBuildFile; fileRef = 770271AF1DAB84B0001114C6 /* NSAttributedString+Extension.m */; };
		770271C01DAB84B0001114C6 /* NSObject+CZAddition.m in Sources */ = {isa = PBXBuildFile; fileRef = 770271B11DAB84B0001114C6 /* NSObject+CZAddition.m */; };
		770271C11DAB84B0001114C6 /* UIColor+CZAddition.m in Sources */ = {isa = PBXBuildFile; fileRef = 770271B31DAB84B0001114C6 /* UIColor+CZAddition.m */; };
		770271C21DAB84B0001114C6 /* UIImage+Extension.m in Sources */ = {isa = PBXBuildFile; fileRef = 770271B51DAB84B0001114C6 /* UIImage+Extension.m */; };
		770271C31DAB84B0001114C6 /* UILabel+CZAddition.m in Sources */ = {isa = PBXBuildFile; fileRef = 770271B71DAB84B0001114C6 /* UILabel+CZAddition.m */; };
		770271C41DAB84B0001114C6 /* UILabel+Extension.m in Sources */ = {isa = PBXBuildFile; fileRef = 770271B91DAB84B0001114C6 /* UILabel+Extension.m */; };
		770271C51DAB84B0001114C6 /* UIView+WP.m in Sources */ = {isa = PBXBuildFile; fileRef = 770271BB1DAB84B0001114C6 /* UIView+WP.m */; };
		770271C81DAB87F5001114C6 /* AppInfo.m in Sources */ = {isa = PBXBuildFile; fileRef = 770271C71DAB87F5001114C6 /* AppInfo.m */; };
		770271CC1DAB8E75001114C6 /* AppCell.m in Sources */ = {isa = PBXBuildFile; fileRef = 770271CA1DAB8E75001114C6 /* AppCell.m */; };
		770271CD1DAB8E75001114C6 /* AppCell.xib in Resources */ = {isa = PBXBuildFile; fileRef = 770271CB1DAB8E75001114C6 /* AppCell.xib */; };
		77CBDC171DAC8C7800806DBF /* NSString+Hash.m in Sources */ = {isa = PBXBuildFile; fileRef = 77CBDC161DAC8C7800806DBF /* NSString+Hash.m */; };
		77CBDC1B1DACCDC600806DBF /* JQWebImageManager.m in Sources */ = {isa = PBXBuildFile; fileRef = 77CBDC1A1DACCDC600806DBF /* JQWebImageManager.m */; };
		77CBDC1E1DACCDEC00806DBF /* JQWebImageDownloadOperation.m in Sources */ = {isa = PBXBuildFile; fileRef = 77CBDC1D1DACCDEC00806DBF /* JQWebImageDownloadOperation.m */; };
		77CBDC211DAE33F800806DBF /* UIImageView+JQWebCache.m in Sources */ = {isa = PBXBuildFile; fileRef = 77CBDC201DAE33F800806DBF /* UIImageView+JQWebCache.m */; };
/* End PBXBuildFile section */

/* Begin PBXFileReference section */
		7702711F1DAB8355001114C6 /* webImageDemo.app */ = {isa = PBXFileReference; explicitFileType = wrapper.application; includeInIndex = 0; path = webImageDemo.app; sourceTree = BUILT_PRODUCTS_DIR; };
		770271231DAB8355001114C6 /* main.m */ = {isa = PBXFileReference; lastKnownFileType = sourcecode.c.objc; path = main.m; sourceTree = "<group>"; };
		770271251DAB8355001114C6 /* AppDelegate.h */ = {isa = PBXFileReference; lastKnownFileType = sourcecode.c.h; path = AppDelegate.h; sourceTree = "<group>"; };
		770271261DAB8355001114C6 /* AppDelegate.m */ = {isa = PBXFileReference; lastKnownFileType = sourcecode.c.objc; path = AppDelegate.m; sourceTree = "<group>"; };
		770271281DAB8355001114C6 /* ViewController.h */ = {isa = PBXFileReference; lastKnownFileType = sourcecode.c.h; path = ViewController.h; sourceTree = "<group>"; };
		770271291DAB8355001114C6 /* ViewController.m */ = {isa = PBXFileReference; lastKnownFileType = sourcecode.c.objc; path = ViewController.m; sourceTree = "<group>"; };
		7702712C1DAB8355001114C6 /* Base */ = {isa = PBXFileReference; lastKnownFileType = file.storyboard; name = Base; path = Base.lproj/Main.storyboard; sourceTree = "<group>"; };
		7702712E1DAB8355001114C6 /* Assets.xcassets */ = {isa = PBXFileReference; lastKnownFileType = folder.assetcatalog; path = Assets.xcassets; sourceTree = "<group>"; };
		770271311DAB8355001114C6 /* Base */ = {isa = PBXFileReference; lastKnownFileType = file.storyboard; name = Base; path = Base.lproj/LaunchScreen.storyboard; sourceTree = "<group>"; };
		770271331DAB8355001114C6 /* Info.plist */ = {isa = PBXFileReference; lastKnownFileType = text.plist.xml; path = Info.plist; sourceTree = "<group>"; };
		7702713B1DAB84A0001114C6 /* AFHTTPSessionManager.h */ = {isa = PBXFileReference; fileEncoding = 4; lastKnownFileType = sourcecode.c.h; path = AFHTTPSessionManager.h; sourceTree = "<group>"; };
		7702713C1DAB84A0001114C6 /* AFHTTPSessionManager.m */ = {isa = PBXFileReference; fileEncoding = 4; lastKnownFileType = sourcecode.c.objc; path = AFHTTPSessionManager.m; sourceTree = "<group>"; };
		7702713D1DAB84A0001114C6 /* AFNetworking.h */ = {isa = PBXFileReference; fileEncoding = 4; lastKnownFileType = sourcecode.c.h; path = AFNetworking.h; sourceTree = "<group>"; };
		7702713E1DAB84A0001114C6 /* AFNetworkReachabilityManager.h */ = {isa = PBXFileReference; fileEncoding = 4; lastKnownFileType = sourcecode.c.h; path = AFNetworkReachabilityManager.h; sourceTree = "<group>"; };
		7702713F1DAB84A0001114C6 /* AFNetworkReachabilityManager.m */ = {isa = PBXFileReference; fileEncoding = 4; lastKnownFileType = sourcecode.c.objc; path = AFNetworkReachabilityManager.m; sourceTree = "<group>"; };
		770271401DAB84A0001114C6 /* AFSecurityPolicy.h */ = {isa = PBXFileReference; fileEncoding = 4; lastKnownFileType = sourcecode.c.h; path = AFSecurityPolicy.h; sourceTree = "<group>"; };
		770271411DAB84A0001114C6 /* AFSecurityPolicy.m */ = {isa = PBXFileReference; fileEncoding = 4; lastKnownFileType = sourcecode.c.objc; path = AFSecurityPolicy.m; sourceTree = "<group>"; };
		770271421DAB84A0001114C6 /* AFURLRequestSerialization.h */ = {isa = PBXFileReference; fileEncoding = 4; lastKnownFileType = sourcecode.c.h; path = AFURLRequestSerialization.h; sourceTree = "<group>"; };
		770271431DAB84A0001114C6 /* AFURLRequestSerialization.m */ = {isa = PBXFileReference; fileEncoding = 4; lastKnownFileType = sourcecode.c.objc; path = AFURLRequestSerialization.m; sourceTree = "<group>"; };
		770271441DAB84A0001114C6 /* AFURLResponseSerialization.h */ = {isa = PBXFileReference; fileEncoding = 4; lastKnownFileType = sourcecode.c.h; path = AFURLResponseSerialization.h; sourceTree = "<group>"; };
		770271451DAB84A0001114C6 /* AFURLResponseSerialization.m */ = {isa = PBXFileReference; fileEncoding = 4; lastKnownFileType = sourcecode.c.objc; path = AFURLResponseSerialization.m; sourceTree = "<group>"; };
		770271461DAB84A0001114C6 /* AFURLSessionManager.h */ = {isa = PBXFileReference; fileEncoding = 4; lastKnownFileType = sourcecode.c.h; path = AFURLSessionManager.h; sourceTree = "<group>"; };
		770271471DAB84A0001114C6 /* AFURLSessionManager.m */ = {isa = PBXFileReference; fileEncoding = 4; lastKnownFileType = sourcecode.c.objc; path = AFURLSessionManager.m; sourceTree = "<group>"; };
		770271491DAB84A0001114C6 /* Info.plist */ = {isa = PBXFileReference; fileEncoding = 4; lastKnownFileType = text.plist.xml; path = Info.plist; sourceTree = "<group>"; };
		7702714A1DAB84A0001114C6 /* MASCompositeConstraint.h */ = {isa = PBXFileReference; fileEncoding = 4; lastKnownFileType = sourcecode.c.h; path = MASCompositeConstraint.h; sourceTree = "<group>"; };
		7702714B1DAB84A0001114C6 /* MASCompositeConstraint.m */ = {isa = PBXFileReference; fileEncoding = 4; lastKnownFileType = sourcecode.c.objc; path = MASCompositeConstraint.m; sourceTree = "<group>"; };
		7702714C1DAB84A0001114C6 /* MASConstraint+Private.h */ = {isa = PBXFileReference; fileEncoding = 4; lastKnownFileType = sourcecode.c.h; path = "MASConstraint+Private.h"; sourceTree = "<group>"; };
		7702714D1DAB84A0001114C6 /* MASConstraint.h */ = {isa = PBXFileReference; fileEncoding = 4; lastKnownFileType = sourcecode.c.h; path = MASConstraint.h; sourceTree = "<group>"; };
		7702714E1DAB84A0001114C6 /* MASConstraint.m */ = {isa = PBXFileReference; fileEncoding = 4; lastKnownFileType = sourcecode.c.objc; path = MASConstraint.m; sourceTree = "<group>"; };
		7702714F1DAB84A0001114C6 /* MASConstraintMaker.h */ = {isa = PBXFileReference; fileEncoding = 4; lastKnownFileType = sourcecode.c.h; path = MASConstraintMaker.h; sourceTree = "<group>"; };
		770271501DAB84A0001114C6 /* MASConstraintMaker.m */ = {isa = PBXFileReference; fileEncoding = 4; lastKnownFileType = sourcecode.c.objc; path = MASConstraintMaker.m; sourceTree = "<group>"; };
		770271511DAB84A0001114C6 /* MASLayoutConstraint.h */ = {isa = PBXFileReference; fileEncoding = 4; lastKnownFileType = sourcecode.c.h; path = MASLayoutConstraint.h; sourceTree = "<group>"; };
		770271521DAB84A0001114C6 /* MASLayoutConstraint.m */ = {isa = PBXFileReference; fileEncoding = 4; lastKnownFileType = sourcecode.c.objc; path = MASLayoutConstraint.m; sourceTree = "<group>"; };
		770271531DAB84A0001114C6 /* Masonry.h */ = {isa = PBXFileReference; fileEncoding = 4; lastKnownFileType = sourcecode.c.h; path = Masonry.h; sourceTree = "<group>"; };
		770271541DAB84A0001114C6 /* MASUtilities.h */ = {isa = PBXFileReference; fileEncoding = 4; lastKnownFileType = sourcecode.c.h; path = MASUtilities.h; sourceTree = "<group>"; };
		770271551DAB84A0001114C6 /* MASViewAttribute.h */ = {isa = PBXFileReference; fileEncoding = 4; lastKnownFileType = sourcecode.c.h; path = MASViewAttribute.h; sourceTree = "<group>"; };
		770271561DAB84A0001114C6 /* MASViewAttribute.m */ = {isa = PBXFileReference; fileEncoding = 4; lastKnownFileType = sourcecode.c.objc; path = MASViewAttribute.m; sourceTree = "<group>"; };
		770271571DAB84A0001114C6 /* MASViewConstraint.h */ = {isa = PBXFileReference; fileEncoding = 4; lastKnownFileType = sourcecode.c.h; path = MASViewConstraint.h; sourceTree = "<group>"; };
		770271581DAB84A0001114C6 /* MASViewConstraint.m */ = {isa = PBXFileReference; fileEncoding = 4; lastKnownFileType = sourcecode.c.objc; path = MASViewConstraint.m; sourceTree = "<group>"; };
		770271591DAB84A0001114C6 /* NSArray+MASAdditions.h */ = {isa = PBXFileReference; fileEncoding = 4; lastKnownFileType = sourcecode.c.h; path = "NSArray+MASAdditions.h"; sourceTree = "<group>"; };
		7702715A1DAB84A0001114C6 /* NSArray+MASAdditions.m */ = {isa = PBXFileReference; fileEncoding = 4; lastKnownFileType = sourcecode.c.objc; path = "NSArray+MASAdditions.m"; sourceTree = "<group>"; };
		7702715B1DAB84A0001114C6 /* NSArray+MASShorthandAdditions.h */ = {isa = PBXFileReference; fileEncoding = 4; lastKnownFileType = sourcecode.c.h; path = "NSArray+MASShorthandAdditions.h"; sourceTree = "<group>"; };
		7702715C1DAB84A0001114C6 /* NSLayoutConstraint+MASDebugAdditions.h */ = {isa = PBXFileReference; fileEncoding = 4; lastKnownFileType = sourcecode.c.h; path = "NSLayoutConstraint+MASDebugAdditions.h"; sourceTree = "<group>"; };
		7702715D1DAB84A0001114C6 /* NSLayoutConstraint+MASDebugAdditions.m */ = {isa = PBXFileReference; fileEncoding = 4; lastKnownFileType = sourcecode.c.objc; path = "NSLayoutConstraint+MASDebugAdditions.m"; sourceTree = "<group>"; };
		7702715E1DAB84A0001114C6 /* View+MASAdditions.h */ = {isa = PBXFileReference; fileEncoding = 4; lastKnownFileType = sourcecode.c.h; path = "View+MASAdditions.h"; sourceTree = "<group>"; };
		7702715F1DAB84A0001114C6 /* View+MASAdditions.m */ = {isa = PBXFileReference; fileEncoding = 4; lastKnownFileType = sourcecode.c.objc; path = "View+MASAdditions.m"; sourceTree = "<group>"; };
		770271601DAB84A0001114C6 /* View+MASShorthandAdditions.h */ = {isa = PBXFileReference; fileEncoding = 4; lastKnownFileType = sourcecode.c.h; path = "View+MASShorthandAdditions.h"; sourceTree = "<group>"; };
		770271611DAB84A0001114C6 /* ViewController+MASAdditions.h */ = {isa = PBXFileReference; fileEncoding = 4; lastKnownFileType = sourcecode.c.h; path = "ViewController+MASAdditions.h"; sourceTree = "<group>"; };
		770271621DAB84A0001114C6 /* ViewController+MASAdditions.m */ = {isa = PBXFileReference; fileEncoding = 4; lastKnownFileType = sourcecode.c.objc; path = "ViewController+MASAdditions.m"; sourceTree = "<group>"; };
		770271641DAB84A0001114C6 /* MKAnnotationView+WebCache.h */ = {isa = PBXFileReference; fileEncoding = 4; lastKnownFileType = sourcecode.c.h; path = "MKAnnotationView+WebCache.h"; sourceTree = "<group>"; };
		770271651DAB84A0001114C6 /* MKAnnotationView+WebCache.m */ = {isa = PBXFileReference; fileEncoding = 4; lastKnownFileType = sourcecode.c.objc; path = "MKAnnotationView+WebCache.m"; sourceTree = "<group>"; };
		770271661DAB84A0001114C6 /* NSData+ImageContentType.h */ = {isa = PBXFileReference; fileEncoding = 4; lastKnownFileType = sourcecode.c.h; path = "NSData+ImageContentType.h"; sourceTree = "<group>"; };
		770271671DAB84A0001114C6 /* NSData+ImageContentType.m */ = {isa = PBXFileReference; fileEncoding = 4; lastKnownFileType = sourcecode.c.objc; path = "NSData+ImageContentType.m"; sourceTree = "<group>"; };
		770271681DAB84A0001114C6 /* SDImageCache.h */ = {isa = PBXFileReference; fileEncoding = 4; lastKnownFileType = sourcecode.c.h; path = SDImageCache.h; sourceTree = "<group>"; };
		770271691DAB84A0001114C6 /* SDImageCache.m */ = {isa = PBXFileReference; fileEncoding = 4; lastKnownFileType = sourcecode.c.objc; path = SDImageCache.m; sourceTree = "<group>"; };
		7702716A1DAB84A0001114C6 /* SDWebImageCompat.h */ = {isa = PBXFileReference; fileEncoding = 4; lastKnownFileType = sourcecode.c.h; path = SDWebImageCompat.h; sourceTree = "<group>"; };
		7702716B1DAB84A0001114C6 /* SDWebImageCompat.m */ = {isa = PBXFileReference; fileEncoding = 4; lastKnownFileType = sourcecode.c.objc; path = SDWebImageCompat.m; sourceTree = "<group>"; };
		7702716C1DAB84A0001114C6 /* SDWebImageDecoder.h */ = {isa = PBXFileReference; fileEncoding = 4; lastKnownFileType = sourcecode.c.h; path = SDWebImageDecoder.h; sourceTree = "<group>"; };
		7702716D1DAB84A0001114C6 /* SDWebImageDecoder.m */ = {isa = PBXFileReference; fileEncoding = 4; lastKnownFileType = sourcecode.c.objc; path = SDWebImageDecoder.m; sourceTree = "<group>"; };
		7702716E1DAB84A0001114C6 /* SDWebImageDownloader.h */ = {isa = PBXFileReference; fileEncoding = 4; lastKnownFileType = sourcecode.c.h; path = SDWebImageDownloader.h; sourceTree = "<group>"; };
		7702716F1DAB84A0001114C6 /* SDWebImageDownloader.m */ = {isa = PBXFileReference; fileEncoding = 4; lastKnownFileType = sourcecode.c.objc; path = SDWebImageDownloader.m; sourceTree = "<group>"; };
		770271701DAB84A0001114C6 /* SDWebImageDownloaderOperation.h */ = {isa = PBXFileReference; fileEncoding = 4; lastKnownFileType = sourcecode.c.h; path = SDWebImageDownloaderOperation.h; sourceTree = "<group>"; };
		770271711DAB84A0001114C6 /* SDWebImageDownloaderOperation.m */ = {isa = PBXFileReference; fileEncoding = 4; lastKnownFileType = sourcecode.c.objc; path = SDWebImageDownloaderOperation.m; sourceTree = "<group>"; };
		770271721DAB84A0001114C6 /* SDWebImageManager.h */ = {isa = PBXFileReference; fileEncoding = 4; lastKnownFileType = sourcecode.c.h; path = SDWebImageManager.h; sourceTree = "<group>"; };
		770271731DAB84A0001114C6 /* SDWebImageManager.m */ = {isa = PBXFileReference; fileEncoding = 4; lastKnownFileType = sourcecode.c.objc; path = SDWebImageManager.m; sourceTree = "<group>"; };
		770271741DAB84A0001114C6 /* SDWebImageOperation.h */ = {isa = PBXFileReference; fileEncoding = 4; lastKnownFileType = sourcecode.c.h; path = SDWebImageOperation.h; sourceTree = "<group>"; };
		770271751DAB84A0001114C6 /* SDWebImagePrefetcher.h */ = {isa = PBXFileReference; fileEncoding = 4; lastKnownFileType = sourcecode.c.h; path = SDWebImagePrefetcher.h; sourceTree = "<group>"; };
		770271761DAB84A0001114C6 /* SDWebImagePrefetcher.m */ = {isa = PBXFileReference; fileEncoding = 4; lastKnownFileType = sourcecode.c.objc; path = SDWebImagePrefetcher.m; sourceTree = "<group>"; };
		770271771DAB84A0001114C6 /* UIButton+WebCache.h */ = {isa = PBXFileReference; fileEncoding = 4; lastKnownFileType = sourcecode.c.h; path = "UIButton+WebCache.h"; sourceTree = "<group>"; };
		770271781DAB84A0001114C6 /* UIButton+WebCache.m */ = {isa = PBXFileReference; fileEncoding = 4; lastKnownFileType = sourcecode.c.objc; path = "UIButton+WebCache.m"; sourceTree = "<group>"; };
		770271791DAB84A0001114C6 /* UIImage+GIF.h */ = {isa = PBXFileReference; fileEncoding = 4; lastKnownFileType = sourcecode.c.h; path = "UIImage+GIF.h"; sourceTree = "<group>"; };
		7702717A1DAB84A0001114C6 /* UIImage+GIF.m */ = {isa = PBXFileReference; fileEncoding = 4; lastKnownFileType = sourcecode.c.objc; path = "UIImage+GIF.m"; sourceTree = "<group>"; };
		7702717B1DAB84A0001114C6 /* UIImage+MultiFormat.h */ = {isa = PBXFileReference; fileEncoding = 4; lastKnownFileType = sourcecode.c.h; path = "UIImage+MultiFormat.h"; sourceTree = "<group>"; };
		7702717C1DAB84A0001114C6 /* UIImage+MultiFormat.m */ = {isa = PBXFileReference; fileEncoding = 4; lastKnownFileType = sourcecode.c.objc; path = "UIImage+MultiFormat.m"; sourceTree = "<group>"; };
		7702717D1DAB84A0001114C6 /* UIImage+WebP.h */ = {isa = PBXFileReference; fileEncoding = 4; lastKnownFileType = sourcecode.c.h; path = "UIImage+WebP.h"; sourceTree = "<group>"; };
		7702717E1DAB84A0001114C6 /* UIImage+WebP.m */ = {isa = PBXFileReference; fileEncoding = 4; lastKnownFileType = sourcecode.c.objc; path = "UIImage+WebP.m"; sourceTree = "<group>"; };
		7702717F1DAB84A0001114C6 /* UIImageView+HighlightedWebCache.h */ = {isa = PBXFileReference; fileEncoding = 4; lastKnownFileType = sourcecode.c.h; path = "UIImageView+HighlightedWebCache.h"; sourceTree = "<group>"; };
		770271801DAB84A0001114C6 /* UIImageView+HighlightedWebCache.m */ = {isa = PBXFileReference; fileEncoding = 4; lastKnownFileType = sourcecode.c.objc; path = "UIImageView+HighlightedWebCache.m"; sourceTree = "<group>"; };
		770271811DAB84A0001114C6 /* UIImageView+WebCache.h */ = {isa = PBXFileReference; fileEncoding = 4; lastKnownFileType = sourcecode.c.h; path = "UIImageView+WebCache.h"; sourceTree = "<group>"; };
		770271821DAB84A0001114C6 /* UIImageView+WebCache.m */ = {isa = PBXFileReference; fileEncoding = 4; lastKnownFileType = sourcecode.c.objc; path = "UIImageView+WebCache.m"; sourceTree = "<group>"; };
		770271831DAB84A0001114C6 /* UIView+WebCacheOperation.h */ = {isa = PBXFileReference; fileEncoding = 4; lastKnownFileType = sourcecode.c.h; path = "UIView+WebCacheOperation.h"; sourceTree = "<group>"; };
		770271841DAB84A0001114C6 /* UIView+WebCacheOperation.m */ = {isa = PBXFileReference; fileEncoding = 4; lastKnownFileType = sourcecode.c.objc; path = "UIView+WebCacheOperation.m"; sourceTree = "<group>"; };
		770271A71DAB84B0001114C6 /* CZAdditions.h */ = {isa = PBXFileReference; fileEncoding = 4; lastKnownFileType = sourcecode.c.h; path = CZAdditions.h; sourceTree = "<group>"; };
		770271A81DAB84B0001114C6 /* NSArray+CZAddition.h */ = {isa = PBXFileReference; fileEncoding = 4; lastKnownFileType = sourcecode.c.h; path = "NSArray+CZAddition.h"; sourceTree = "<group>"; };
		770271A91DAB84B0001114C6 /* NSArray+CZAddition.m */ = {isa = PBXFileReference; fileEncoding = 4; lastKnownFileType = sourcecode.c.objc; path = "NSArray+CZAddition.m"; sourceTree = "<group>"; };
		770271AA1DAB84B0001114C6 /* NSArray+Log.h */ = {isa = PBXFileReference; fileEncoding = 4; lastKnownFileType = sourcecode.c.h; path = "NSArray+Log.h"; sourceTree = "<group>"; };
		770271AB1DAB84B0001114C6 /* NSArray+Log.m */ = {isa = PBXFileReference; fileEncoding = 4; lastKnownFileType = sourcecode.c.objc; path = "NSArray+Log.m"; sourceTree = "<group>"; };
		770271AC1DAB84B0001114C6 /* NSAttributedString+CZAdditon.h */ = {isa = PBXFileReference; fileEncoding = 4; lastKnownFileType = sourcecode.c.h; path = "NSAttributedString+CZAdditon.h"; sourceTree = "<group>"; };
		770271AD1DAB84B0001114C6 /* NSAttributedString+CZAdditon.m */ = {isa = PBXFileReference; fileEncoding = 4; lastKnownFileType = sourcecode.c.objc; path = "NSAttributedString+CZAdditon.m"; sourceTree = "<group>"; };
		770271AE1DAB84B0001114C6 /* NSAttributedString+Extension.h */ = {isa = PBXFileReference; fileEncoding = 4; lastKnownFileType = sourcecode.c.h; path = "NSAttributedString+Extension.h"; sourceTree = "<group>"; };
		770271AF1DAB84B0001114C6 /* NSAttributedString+Extension.m */ = {isa = PBXFileReference; fileEncoding = 4; lastKnownFileType = sourcecode.c.objc; path = "NSAttributedString+Extension.m"; sourceTree = "<group>"; };
		770271B01DAB84B0001114C6 /* NSObject+CZAddition.h */ = {isa = PBXFileReference; fileEncoding = 4; lastKnownFileType = sourcecode.c.h; path = "NSObject+CZAddition.h"; sourceTree = "<group>"; };
		770271B11DAB84B0001114C6 /* NSObject+CZAddition.m */ = {isa = PBXFileReference; fileEncoding = 4; lastKnownFileType = sourcecode.c.objc; path = "NSObject+CZAddition.m"; sourceTree = "<group>"; };
		770271B21DAB84B0001114C6 /* UIColor+CZAddition.h */ = {isa = PBXFileReference; fileEncoding = 4; lastKnownFileType = sourcecode.c.h; path = "UIColor+CZAddition.h"; sourceTree = "<group>"; };
		770271B31DAB84B0001114C6 /* UIColor+CZAddition.m */ = {isa = PBXFileReference; fileEncoding = 4; lastKnownFileType = sourcecode.c.objc; path = "UIColor+CZAddition.m"; sourceTree = "<group>"; };
		770271B41DAB84B0001114C6 /* UIImage+Extension.h */ = {isa = PBXFileReference; fileEncoding = 4; lastKnownFileType = sourcecode.c.h; path = "UIImage+Extension.h"; sourceTree = "<group>"; };
		770271B51DAB84B0001114C6 /* UIImage+Extension.m */ = {isa = PBXFileReference; fileEncoding = 4; lastKnownFileType = sourcecode.c.objc; path = "UIImage+Extension.m"; sourceTree = "<group>"; };
		770271B61DAB84B0001114C6 /* UILabel+CZAddition.h */ = {isa = PBXFileReference; fileEncoding = 4; lastKnownFileType = sourcecode.c.h; path = "UILabel+CZAddition.h"; sourceTree = "<group>"; };
		770271B71DAB84B0001114C6 /* UILabel+CZAddition.m */ = {isa = PBXFileReference; fileEncoding = 4; lastKnownFileType = sourcecode.c.objc; path = "UILabel+CZAddition.m"; sourceTree = "<group>"; };
		770271B81DAB84B0001114C6 /* UILabel+Extension.h */ = {isa = PBXFileReference; fileEncoding = 4; lastKnownFileType = sourcecode.c.h; path = "UILabel+Extension.h"; sourceTree = "<group>"; };
		770271B91DAB84B0001114C6 /* UILabel+Extension.m */ = {isa = PBXFileReference; fileEncoding = 4; lastKnownFileType = sourcecode.c.objc; path = "UILabel+Extension.m"; sourceTree = "<group>"; };
		770271BA1DAB84B0001114C6 /* UIView+WP.h */ = {isa = PBXFileReference; fileEncoding = 4; lastKnownFileType = sourcecode.c.h; path = "UIView+WP.h"; sourceTree = "<group>"; };
		770271BB1DAB84B0001114C6 /* UIView+WP.m */ = {isa = PBXFileReference; fileEncoding = 4; lastKnownFileType = sourcecode.c.objc; path = "UIView+WP.m"; sourceTree = "<group>"; };
		770271C61DAB87F5001114C6 /* AppInfo.h */ = {isa = PBXFileReference; fileEncoding = 4; lastKnownFileType = sourcecode.c.h; path = AppInfo.h; sourceTree = "<group>"; };
		770271C71DAB87F5001114C6 /* AppInfo.m */ = {isa = PBXFileReference; fileEncoding = 4; lastKnownFileType = sourcecode.c.objc; path = AppInfo.m; sourceTree = "<group>"; };
		770271C91DAB8E75001114C6 /* AppCell.h */ = {isa = PBXFileReference; fileEncoding = 4; lastKnownFileType = sourcecode.c.h; path = AppCell.h; sourceTree = "<group>"; };
		770271CA1DAB8E75001114C6 /* AppCell.m */ = {isa = PBXFileReference; fileEncoding = 4; lastKnownFileType = sourcecode.c.objc; path = AppCell.m; sourceTree = "<group>"; };
		770271CB1DAB8E75001114C6 /* AppCell.xib */ = {isa = PBXFileReference; fileEncoding = 4; lastKnownFileType = file.xib; path = AppCell.xib; sourceTree = "<group>"; };
		77CBDC151DAC8C7800806DBF /* NSString+Hash.h */ = {isa = PBXFileReference; fileEncoding = 4; lastKnownFileType = sourcecode.c.h; path = "NSString+Hash.h"; sourceTree = "<group>"; };
		77CBDC161DAC8C7800806DBF /* NSString+Hash.m */ = {isa = PBXFileReference; fileEncoding = 4; lastKnownFileType = sourcecode.c.objc; path = "NSString+Hash.m"; sourceTree = "<group>"; };
		77CBDC191DACCDC600806DBF /* JQWebImageManager.h */ = {isa = PBXFileReference; fileEncoding = 4; lastKnownFileType = sourcecode.c.h; path = JQWebImageManager.h; sourceTree = "<group>"; };
		77CBDC1A1DACCDC600806DBF /* JQWebImageManager.m */ = {isa = PBXFileReference; fileEncoding = 4; lastKnownFileType = sourcecode.c.objc; path = JQWebImageManager.m; sourceTree = "<group>"; };
		77CBDC1C1DACCDEC00806DBF /* JQWebImageDownloadOperation.h */ = {isa = PBXFileReference; fileEncoding = 4; lastKnownFileType = sourcecode.c.h; path = JQWebImageDownloadOperation.h; sourceTree = "<group>"; };
		77CBDC1D1DACCDEC00806DBF /* JQWebImageDownloadOperation.m */ = {isa = PBXFileReference; fileEncoding = 4; lastKnownFileType = sourcecode.c.objc; path = JQWebImageDownloadOperation.m; sourceTree = "<group>"; };
		77CBDC1F1DAE33F800806DBF /* UIImageView+JQWebCache.h */ = {isa = PBXFileReference; fileEncoding = 4; lastKnownFileType = sourcecode.c.h; path = "UIImageView+JQWebCache.h"; sourceTree = "<group>"; };
		77CBDC201DAE33F800806DBF /* UIImageView+JQWebCache.m */ = {isa = PBXFileReference; fileEncoding = 4; lastKnownFileType = sourcecode.c.objc; path = "UIImageView+JQWebCache.m"; sourceTree = "<group>"; };
/* End PBXFileReference section */

/* Begin PBXFrameworksBuildPhase section */
		7702711C1DAB8355001114C6 /* Frameworks */ = {
			isa = PBXFrameworksBuildPhase;
			buildActionMask = 2147483647;
			files = (
			);
			runOnlyForDeploymentPostprocessing = 0;
		};
/* End PBXFrameworksBuildPhase section */

/* Begin PBXGroup section */
		770271161DAB8355001114C6 = {
			isa = PBXGroup;
			children = (
				770271211DAB8355001114C6 /* webImageDemo */,
				770271201DAB8355001114C6 /* Products */,
			);
			sourceTree = "<group>";
		};
		770271201DAB8355001114C6 /* Products */ = {
			isa = PBXGroup;
			children = (
				7702711F1DAB8355001114C6 /* webImageDemo.app */,
			);
			name = Products;
			sourceTree = "<group>";
		};
		770271211DAB8355001114C6 /* webImageDemo */ = {
			isa = PBXGroup;
			children = (
				770271A61DAB84B0001114C6 /* Additions */,
				770271391DAB84A0001114C6 /* ThirdLib */,
				77CBDC181DACCD8600806DBF /* JQWebImge */,
				770271251DAB8355001114C6 /* AppDelegate.h */,
				770271261DAB8355001114C6 /* AppDelegate.m */,
				770271281DAB8355001114C6 /* ViewController.h */,
				770271291DAB8355001114C6 /* ViewController.m */,
				770271C61DAB87F5001114C6 /* AppInfo.h */,
				770271C71DAB87F5001114C6 /* AppInfo.m */,
				7702712B1DAB8355001114C6 /* Main.storyboard */,
				7702712E1DAB8355001114C6 /* Assets.xcassets */,
				770271301DAB8355001114C6 /* LaunchScreen.storyboard */,
				770271331DAB8355001114C6 /* Info.plist */,
				770271C91DAB8E75001114C6 /* AppCell.h */,
				770271CA1DAB8E75001114C6 /* AppCell.m */,
				770271CB1DAB8E75001114C6 /* AppCell.xib */,
				770271221DAB8355001114C6 /* Supporting Files */,
			);
			path = webImageDemo;
			sourceTree = "<group>";
		};
		770271221DAB8355001114C6 /* Supporting Files */ = {
			isa = PBXGroup;
			children = (
				770271231DAB8355001114C6 /* main.m */,
			);
			name = "Supporting Files";
			sourceTree = "<group>";
		};
		770271391DAB84A0001114C6 /* ThirdLib */ = {
			isa = PBXGroup;
			children = (
				7702713A1DAB84A0001114C6 /* AFNetworking */,
				770271481DAB84A0001114C6 /* Masonry */,
				770271631DAB84A0001114C6 /* SDWebImage */,
			);
			path = ThirdLib;
			sourceTree = "<group>";
		};
		7702713A1DAB84A0001114C6 /* AFNetworking */ = {
			isa = PBXGroup;
			children = (
				7702713B1DAB84A0001114C6 /* AFHTTPSessionManager.h */,
				7702713C1DAB84A0001114C6 /* AFHTTPSessionManager.m */,
				7702713D1DAB84A0001114C6 /* AFNetworking.h */,
				7702713E1DAB84A0001114C6 /* AFNetworkReachabilityManager.h */,
				7702713F1DAB84A0001114C6 /* AFNetworkReachabilityManager.m */,
				770271401DAB84A0001114C6 /* AFSecurityPolicy.h */,
				770271411DAB84A0001114C6 /* AFSecurityPolicy.m */,
				770271421DAB84A0001114C6 /* AFURLRequestSerialization.h */,
				770271431DAB84A0001114C6 /* AFURLRequestSerialization.m */,
				770271441DAB84A0001114C6 /* AFURLResponseSerialization.h */,
				770271451DAB84A0001114C6 /* AFURLResponseSerialization.m */,
				770271461DAB84A0001114C6 /* AFURLSessionManager.h */,
				770271471DAB84A0001114C6 /* AFURLSessionManager.m */,
			);
			path = AFNetworking;
			sourceTree = "<group>";
		};
		770271481DAB84A0001114C6 /* Masonry */ = {
			isa = PBXGroup;
			children = (
				770271491DAB84A0001114C6 /* Info.plist */,
				7702714A1DAB84A0001114C6 /* MASCompositeConstraint.h */,
				7702714B1DAB84A0001114C6 /* MASCompositeConstraint.m */,
				7702714C1DAB84A0001114C6 /* MASConstraint+Private.h */,
				7702714D1DAB84A0001114C6 /* MASConstraint.h */,
				7702714E1DAB84A0001114C6 /* MASConstraint.m */,
				7702714F1DAB84A0001114C6 /* MASConstraintMaker.h */,
				770271501DAB84A0001114C6 /* MASConstraintMaker.m */,
				770271511DAB84A0001114C6 /* MASLayoutConstraint.h */,
				770271521DAB84A0001114C6 /* MASLayoutConstraint.m */,
				770271531DAB84A0001114C6 /* Masonry.h */,
				770271541DAB84A0001114C6 /* MASUtilities.h */,
				770271551DAB84A0001114C6 /* MASViewAttribute.h */,
				770271561DAB84A0001114C6 /* MASViewAttribute.m */,
				770271571DAB84A0001114C6 /* MASViewConstraint.h */,
				770271581DAB84A0001114C6 /* MASViewConstraint.m */,
				770271591DAB84A0001114C6 /* NSArray+MASAdditions.h */,
				7702715A1DAB84A0001114C6 /* NSArray+MASAdditions.m */,
				7702715B1DAB84A0001114C6 /* NSArray+MASShorthandAdditions.h */,
				7702715C1DAB84A0001114C6 /* NSLayoutConstraint+MASDebugAdditions.h */,
				7702715D1DAB84A0001114C6 /* NSLayoutConstraint+MASDebugAdditions.m */,
				7702715E1DAB84A0001114C6 /* View+MASAdditions.h */,
				7702715F1DAB84A0001114C6 /* View+MASAdditions.m */,
				770271601DAB84A0001114C6 /* View+MASShorthandAdditions.h */,
				770271611DAB84A0001114C6 /* ViewController+MASAdditions.h */,
				770271621DAB84A0001114C6 /* ViewController+MASAdditions.m */,
			);
			path = Masonry;
			sourceTree = "<group>";
		};
		770271631DAB84A0001114C6 /* SDWebImage */ = {
			isa = PBXGroup;
			children = (
				770271641DAB84A0001114C6 /* MKAnnotationView+WebCache.h */,
				770271651DAB84A0001114C6 /* MKAnnotationView+WebCache.m */,
				770271661DAB84A0001114C6 /* NSData+ImageContentType.h */,
				770271671DAB84A0001114C6 /* NSData+ImageContentType.m */,
				770271681DAB84A0001114C6 /* SDImageCache.h */,
				770271691DAB84A0001114C6 /* SDImageCache.m */,
				7702716A1DAB84A0001114C6 /* SDWebImageCompat.h */,
				7702716B1DAB84A0001114C6 /* SDWebImageCompat.m */,
				7702716C1DAB84A0001114C6 /* SDWebImageDecoder.h */,
				7702716D1DAB84A0001114C6 /* SDWebImageDecoder.m */,
				7702716E1DAB84A0001114C6 /* SDWebImageDownloader.h */,
				7702716F1DAB84A0001114C6 /* SDWebImageDownloader.m */,
				770271701DAB84A0001114C6 /* SDWebImageDownloaderOperation.h */,
				770271711DAB84A0001114C6 /* SDWebImageDownloaderOperation.m */,
				770271721DAB84A0001114C6 /* SDWebImageManager.h */,
				770271731DAB84A0001114C6 /* SDWebImageManager.m */,
				770271741DAB84A0001114C6 /* SDWebImageOperation.h */,
				770271751DAB84A0001114C6 /* SDWebImagePrefetcher.h */,
				770271761DAB84A0001114C6 /* SDWebImagePrefetcher.m */,
				770271771DAB84A0001114C6 /* UIButton+WebCache.h */,
				770271781DAB84A0001114C6 /* UIButton+WebCache.m */,
				770271791DAB84A0001114C6 /* UIImage+GIF.h */,
				7702717A1DAB84A0001114C6 /* UIImage+GIF.m */,
				7702717B1DAB84A0001114C6 /* UIImage+MultiFormat.h */,
				7702717C1DAB84A0001114C6 /* UIImage+MultiFormat.m */,
				7702717D1DAB84A0001114C6 /* UIImage+WebP.h */,
				7702717E1DAB84A0001114C6 /* UIImage+WebP.m */,
				7702717F1DAB84A0001114C6 /* UIImageView+HighlightedWebCache.h */,
				770271801DAB84A0001114C6 /* UIImageView+HighlightedWebCache.m */,
				770271811DAB84A0001114C6 /* UIImageView+WebCache.h */,
				770271821DAB84A0001114C6 /* UIImageView+WebCache.m */,
				770271831DAB84A0001114C6 /* UIView+WebCacheOperation.h */,
				770271841DAB84A0001114C6 /* UIView+WebCacheOperation.m */,
			);
			path = SDWebImage;
			sourceTree = "<group>";
		};
		770271A61DAB84B0001114C6 /* Additions */ = {
			isa = PBXGroup;
			children = (
				770271A71DAB84B0001114C6 /* CZAdditions.h */,
				77CBDC151DAC8C7800806DBF /* NSString+Hash.h */,
				77CBDC161DAC8C7800806DBF /* NSString+Hash.m */,
				770271A81DAB84B0001114C6 /* NSArray+CZAddition.h */,
				770271A91DAB84B0001114C6 /* NSArray+CZAddition.m */,
				770271AA1DAB84B0001114C6 /* NSArray+Log.h */,
				770271AB1DAB84B0001114C6 /* NSArray+Log.m */,
				770271AC1DAB84B0001114C6 /* NSAttributedString+CZAdditon.h */,
				770271AD1DAB84B0001114C6 /* NSAttributedString+CZAdditon.m */,
				770271AE1DAB84B0001114C6 /* NSAttributedString+Extension.h */,
				770271AF1DAB84B0001114C6 /* NSAttributedString+Extension.m */,
				770271B01DAB84B0001114C6 /* NSObject+CZAddition.h */,
				770271B11DAB84B0001114C6 /* NSObject+CZAddition.m */,
				770271B21DAB84B0001114C6 /* UIColor+CZAddition.h */,
				770271B31DAB84B0001114C6 /* UIColor+CZAddition.m */,
				770271B41DAB84B0001114C6 /* UIImage+Extension.h */,
				770271B51DAB84B0001114C6 /* UIImage+Extension.m */,
				770271B61DAB84B0001114C6 /* UILabel+CZAddition.h */,
				770271B71DAB84B0001114C6 /* UILabel+CZAddition.m */,
				770271B81DAB84B0001114C6 /* UILabel+Extension.h */,
				770271B91DAB84B0001114C6 /* UILabel+Extension.m */,
				770271BA1DAB84B0001114C6 /* UIView+WP.h */,
				770271BB1DAB84B0001114C6 /* UIView+WP.m */,
			);
			path = Additions;
			sourceTree = "<group>";
		};
		77CBDC181DACCD8600806DBF /* JQWebImge */ = {
			isa = PBXGroup;
			children = (
				77CBDC191DACCDC600806DBF /* JQWebImageManager.h */,
				77CBDC1A1DACCDC600806DBF /* JQWebImageManager.m */,
				77CBDC1C1DACCDEC00806DBF /* JQWebImageDownloadOperation.h */,
				77CBDC1D1DACCDEC00806DBF /* JQWebImageDownloadOperation.m */,
				77CBDC1F1DAE33F800806DBF /* UIImageView+JQWebCache.h */,
				77CBDC201DAE33F800806DBF /* UIImageView+JQWebCache.m */,
			);
			path = JQWebImge;
			sourceTree = "<group>";
		};
/* End PBXGroup section */

/* Begin PBXNativeTarget section */
		7702711E1DAB8355001114C6 /* webImageDemo */ = {
			isa = PBXNativeTarget;
			buildConfigurationList = 770271361DAB8355001114C6 /* Build configuration list for PBXNativeTarget "webImageDemo" */;
			buildPhases = (
				7702711B1DAB8355001114C6 /* Sources */,
				7702711C1DAB8355001114C6 /* Frameworks */,
				7702711D1DAB8355001114C6 /* Resources */,
			);
			buildRules = (
			);
			dependencies = (
			);
			name = webImageDemo;
			productName = webImageDemo;
			productReference = 7702711F1DAB8355001114C6 /* webImageDemo.app */;
			productType = "com.apple.product-type.application";
		};
/* End PBXNativeTarget section */

/* Begin PBXProject section */
		770271171DAB8355001114C6 /* Project object */ = {
			isa = PBXProject;
			attributes = {
				LastUpgradeCheck = 0730;
				ORGANIZATIONNAME = maoge;
				TargetAttributes = {
					7702711E1DAB8355001114C6 = {
						CreatedOnToolsVersion = 7.3.1;
						DevelopmentTeam = 47LF34TNU8;
					};
				};
			};
			buildConfigurationList = 7702711A1DAB8355001114C6 /* Build configuration list for PBXProject "webImageDemo" */;
			compatibilityVersion = "Xcode 3.2";
			developmentRegion = English;
			hasScannedForEncodings = 0;
			knownRegions = (
				en,
				Base,
			);
			mainGroup = 770271161DAB8355001114C6;
			productRefGroup = 770271201DAB8355001114C6 /* Products */;
			projectDirPath = "";
			projectRoot = "";
			targets = (
				7702711E1DAB8355001114C6 /* webImageDemo */,
			);
		};
/* End PBXProject section */

/* Begin PBXResourcesBuildPhase section */
		7702711D1DAB8355001114C6 /* Resources */ = {
			isa = PBXResourcesBuildPhase;
			buildActionMask = 2147483647;
			files = (
				7702718B1DAB84A0001114C6 /* Info.plist in Resources */,
				770271321DAB8355001114C6 /* LaunchScreen.storyboard in Resources */,
				7702712F1DAB8355001114C6 /* Assets.xcassets in Resources */,
				770271CD1DAB8E75001114C6 /* AppCell.xib in Resources */,
				7702712D1DAB8355001114C6 /* Main.storyboard in Resources */,
			);
			runOnlyForDeploymentPostprocessing = 0;
		};
/* End PBXResourcesBuildPhase section */

/* Begin PBXSourcesBuildPhase section */
		7702711B1DAB8355001114C6 /* Sources */ = {
			isa = PBXSourcesBuildPhase;
			buildActionMask = 2147483647;
			files = (
				770271911DAB84A0001114C6 /* MASViewConstraint.m in Sources */,
				77CBDC171DAC8C7800806DBF /* NSString+Hash.m in Sources */,
				770271C51DAB84B0001114C6 /* UIView+WP.m in Sources */,
				7702719E1DAB84A0001114C6 /* SDWebImagePrefetcher.m in Sources */,
				770271BF1DAB84B0001114C6 /* NSAttributedString+Extension.m in Sources */,
				7702718A1DAB84A0001114C6 /* AFURLSessionManager.m in Sources */,
				770271A21DAB84A0001114C6 /* UIImage+WebP.m in Sources */,
				770271BE1DAB84B0001114C6 /* NSAttributedString+CZAdditon.m in Sources */,
				770271A41DAB84A0001114C6 /* UIImageView+WebCache.m in Sources */,
				7702719C1DAB84A0001114C6 /* SDWebImageDownloaderOperation.m in Sources */,
				770271CC1DAB8E75001114C6 /* AppCell.m in Sources */,
				770271901DAB84A0001114C6 /* MASViewAttribute.m in Sources */,
				770271A31DAB84A0001114C6 /* UIImageView+HighlightedWebCache.m in Sources */,
				7702712A1DAB8355001114C6 /* ViewController.m in Sources */,
				7702719A1DAB84A0001114C6 /* SDWebImageDecoder.m in Sources */,
				770271971DAB84A0001114C6 /* NSData+ImageContentType.m in Sources */,
				770271271DAB8355001114C6 /* AppDelegate.m in Sources */,
				770271861DAB84A0001114C6 /* AFNetworkReachabilityManager.m in Sources */,
				770271C21DAB84B0001114C6 /* UIImage+Extension.m in Sources */,
				770271981DAB84A0001114C6 /* SDImageCache.m in Sources */,
				770271BD1DAB84B0001114C6 /* NSArray+Log.m in Sources */,
				770271C81DAB87F5001114C6 /* AppInfo.m in Sources */,
				7702718C1DAB84A0001114C6 /* MASCompositeConstraint.m in Sources */,
				7702718E1DAB84A0001114C6 /* MASConstraintMaker.m in Sources */,
				7702719D1DAB84A0001114C6 /* SDWebImageManager.m in Sources */,
				770271A51DAB84A0001114C6 /* UIView+WebCacheOperation.m in Sources */,
				770271C11DAB84B0001114C6 /* UIColor+CZAddition.m in Sources */,
				770271941DAB84A0001114C6 /* View+MASAdditions.m in Sources */,
				7702718F1DAB84A0001114C6 /* MASLayoutConstraint.m in Sources */,
				770271951DAB84A0001114C6 /* ViewController+MASAdditions.m in Sources */,
				77CBDC211DAE33F800806DBF /* UIImageView+JQWebCache.m in Sources */,
				7702719B1DAB84A0001114C6 /* SDWebImageDownloader.m in Sources */,
				77CBDC1E1DACCDEC00806DBF /* JQWebImageDownloadOperation.m in Sources */,
				770271A01DAB84A0001114C6 /* UIImage+GIF.m in Sources */,
				770271C31DAB84B0001114C6 /* UILabel+CZAddition.m in Sources */,
				7702718D1DAB84A0001114C6 /* MASConstraint.m in Sources */,
				770271241DAB8355001114C6 /* main.m in Sources */,
				770271961DAB84A0001114C6 /* MKAnnotationView+WebCache.m in Sources */,
				770271C41DAB84B0001114C6 /* UILabel+Extension.m in Sources */,
				77CBDC1B1DACCDC600806DBF /* JQWebImageManager.m in Sources */,
				770271871DAB84A0001114C6 /* AFSecurityPolicy.m in Sources */,
				770271BC1DAB84B0001114C6 /* NSArray+CZAddition.m in Sources */,
				770271921DAB84A0001114C6 /* NSArray+MASAdditions.m in Sources */,
				770271A11DAB84A0001114C6 /* UIImage+MultiFormat.m in Sources */,
				770271931DAB84A0001114C6 /* NSLayoutConstraint+MASDebugAdditions.m in Sources */,
				770271991DAB84A0001114C6 /* SDWebImageCompat.m in Sources */,
				770271881DAB84A0001114C6 /* AFURLRequestSerialization.m in Sources */,
				770271C01DAB84B0001114C6 /* NSObject+CZAddition.m in Sources */,
				770271891DAB84A0001114C6 /* AFURLResponseSerialization.m in Sources */,
				7702719F1DAB84A0001114C6 /* UIButton+WebCache.m in Sources */,
				770271851DAB84A0001114C6 /* AFHTTPSessionManager.m in Sources */,
			);
			runOnlyForDeploymentPostprocessing = 0;
		};
/* End PBXSourcesBuildPhase section */

/* Begin PBXVariantGroup section */
		7702712B1DAB8355001114C6 /* Main.storyboard */ = {
			isa = PBXVariantGroup;
			children = (
				7702712C1DAB8355001114C6 /* Base */,
			);
			name = Main.storyboard;
			sourceTree = "<group>";
		};
		770271301DAB8355001114C6 /* LaunchScreen.storyboard */ = {
			isa = PBXVariantGroup;
			children = (
				770271311DAB8355001114C6 /* Base */,
			);
			name = LaunchScreen.storyboard;
			sourceTree = "<group>";
		};
/* End PBXVariantGroup section */

/* Begin XCBuildConfiguration section */
		770271341DAB8355001114C6 /* Debug */ = {
			isa = XCBuildConfiguration;
			buildSettings = {
				ALWAYS_SEARCH_USER_PATHS = NO;
				CLANG_ANALYZER_NONNULL = YES;
				CLANG_CXX_LANGUAGE_STANDARD = "gnu++0x";
				CLANG_CXX_LIBRARY = "libc++";
				CLANG_ENABLE_MODULES = YES;
				CLANG_ENABLE_OBJC_ARC = YES;
				CLANG_WARN_BOOL_CONVERSION = YES;
				CLANG_WARN_CONSTANT_CONVERSION = YES;
				CLANG_WARN_DIRECT_OBJC_ISA_USAGE = YES_ERROR;
				CLANG_WARN_EMPTY_BODY = YES;
				CLANG_WARN_ENUM_CONVERSION = YES;
				CLANG_WARN_INT_CONVERSION = YES;
				CLANG_WARN_OBJC_ROOT_CLASS = YES_ERROR;
				CLANG_WARN_UNREACHABLE_CODE = YES;
				CLANG_WARN__DUPLICATE_METHOD_MATCH = YES;
				"CODE_SIGN_IDENTITY[sdk=iphoneos*]" = "iPhone Developer";
				COPY_PHASE_STRIP = NO;
				DEBUG_INFORMATION_FORMAT = dwarf;
				ENABLE_STRICT_OBJC_MSGSEND = YES;
				ENABLE_TESTABILITY = YES;
				GCC_C_LANGUAGE_STANDARD = gnu99;
				GCC_DYNAMIC_NO_PIC = NO;
				GCC_NO_COMMON_BLOCKS = YES;
				GCC_OPTIMIZATION_LEVEL = 0;
				GCC_PREPROCESSOR_DEFINITIONS = (
					"DEBUG=1",
					"$(inherited)",
				);
				GCC_WARN_64_TO_32_BIT_CONVERSION = YES;
				GCC_WARN_ABOUT_RETURN_TYPE = YES_ERROR;
				GCC_WARN_UNDECLARED_SELECTOR = YES;
				GCC_WARN_UNINITIALIZED_AUTOS = YES_AGGRESSIVE;
				GCC_WARN_UNUSED_FUNCTION = YES;
				GCC_WARN_UNUSED_VARIABLE = YES;
				IPHONEOS_DEPLOYMENT_TARGET = 9.3;
				MTL_ENABLE_DEBUG_INFO = YES;
				ONLY_ACTIVE_ARCH = YES;
				SDKROOT = iphoneos;
			};
			name = Debug;
		};
		770271351DAB8355001114C6 /* Release */ = {
			isa = XCBuildConfiguration;
			buildSettings = {
				ALWAYS_SEARCH_USER_PATHS = NO;
				CLANG_ANALYZER_NONNULL = YES;
				CLANG_CXX_LANGUAGE_STANDARD = "gnu++0x";
				CLANG_CXX_LIBRARY = "libc++";
				CLANG_ENABLE_MODULES = YES;
				CLANG_ENABLE_OBJC_ARC = YES;
				CLANG_WARN_BOOL_CONVERSION = YES;
				CLANG_WARN_CONSTANT_CONVERSION = YES;
				CLANG_WARN_DIRECT_OBJC_ISA_USAGE = YES_ERROR;
				CLANG_WARN_EMPTY_BODY = YES;
				CLANG_WARN_ENUM_CONVERSION = YES;
				CLANG_WARN_INT_CONVERSION = YES;
				CLANG_WARN_OBJC_ROOT_CLASS = YES_ERROR;
				CLANG_WARN_UNREACHABLE_CODE = YES;
				CLANG_WARN__DUPLICATE_METHOD_MATCH = YES;
				"CODE_SIGN_IDENTITY[sdk=iphoneos*]" = "iPhone Developer";
				COPY_PHASE_STRIP = NO;
				DEBUG_INFORMATION_FORMAT = "dwarf-with-dsym";
				ENABLE_NS_ASSERTIONS = NO;
				ENABLE_STRICT_OBJC_MSGSEND = YES;
				GCC_C_LANGUAGE_STANDARD = gnu99;
				GCC_NO_COMMON_BLOCKS = YES;
				GCC_WARN_64_TO_32_BIT_CONVERSION = YES;
				GCC_WARN_ABOUT_RETURN_TYPE = YES_ERROR;
				GCC_WARN_UNDECLARED_SELECTOR = YES;
				GCC_WARN_UNINITIALIZED_AUTOS = YES_AGGRESSIVE;
				GCC_WARN_UNUSED_FUNCTION = YES;
				GCC_WARN_UNUSED_VARIABLE = YES;
				IPHONEOS_DEPLOYMENT_TARGET = 9.3;
				MTL_ENABLE_DEBUG_INFO = NO;
				SDKROOT = iphoneos;
				VALIDATE_PRODUCT = YES;
			};
			name = Release;
		};
		770271371DAB8355001114C6 /* Debug */ = {
			isa = XCBuildConfiguration;
			buildSettings = {
				ASSETCATALOG_COMPILER_APPICON_NAME = AppIcon;
				INFOPLIST_FILE = webImageDemo/Info.plist;
				LD_RUNPATH_SEARCH_PATHS = "$(inherited) @executable_path/Frameworks";
				PRODUCT_BUNDLE_IDENTIFIER = iOS.webImageDemo;
				PRODUCT_NAME = "$(TARGET_NAME)";
			};
			name = Debug;
		};
		770271381DAB8355001114C6 /* Release */ = {
			isa = XCBuildConfiguration;
			buildSettings = {
				ASSETCATALOG_COMPILER_APPICON_NAME = AppIcon;
				INFOPLIST_FILE = webImageDemo/Info.plist;
				LD_RUNPATH_SEARCH_PATHS = "$(inherited) @executable_path/Frameworks";
				PRODUCT_BUNDLE_IDENTIFIER = iOS.webImageDemo;
				PRODUCT_NAME = "$(TARGET_NAME)";
			};
			name = Release;
		};
/* End XCBuildConfiguration section */

/* Begin XCConfigurationList section */
		7702711A1DAB8355001114C6 /* Build configuration list for PBXProject "webImageDemo" */ = {
			isa = XCConfigurationList;
			buildConfigurations = (
				770271341DAB8355001114C6 /* Debug */,
				770271351DAB8355001114C6 /* Release */,
			);
			defaultConfigurationIsVisible = 0;
			defaultConfigurationName = Release;
		};
		770271361DAB8355001114C6 /* Build configuration list for PBXNativeTarget "webImageDemo" */ = {
			isa = XCConfigurationList;
			buildConfigurations = (
				770271371DAB8355001114C6 /* Debug */,
				770271381DAB8355001114C6 /* Release */,
			);
			defaultConfigurationIsVisible = 0;
			defaultConfigurationName = Release;
		};
/* End XCConfigurationList section */
	};
	rootObject = 770271171DAB8355001114C6 /* Project object */;
}
